
Microsoft Visual Studio Solution File, Format Version 12.00
# Visual Studio Version 16
VisualStudioVersion = 16.0.34031.81
MinimumVisualStudioVersion = 10.0.40219.1
Project("{8BC9CEB8-8B4A-11D0-8D11-00A0C91BC942}") = "Project7", "Project7\Project7.vcxproj", "{A3CDB463-FA4E-4F8B-92DB-AA111A10A6D9}"
EndProject
Project("{8BC9CEB8-8B4A-11D0-8D11-00A0C91BC942}") = "Clases_de_trabajo", "Clases_de_trabajo\Clases_de_trabajo.vcxproj", "{0E7B0EA2-8719-415F-96A2-9F78BEA0C48A}"
EndProject
Global
	GlobalSection(SolutionConfigurationPlatforms) = preSolution
		Debug|x64 = Debug|x64
		Debug|x86 = Debug|x86
		Release|x64 = Release|x64
		Release|x86 = Release|x86
	EndGlobalSection
	GlobalSection(ProjectConfigurationPlatforms) = postSolution
		{A3CDB463-FA4E-4F8B-92DB-AA111A10A6D9}.Debug|x64.ActiveCfg = Debug|x64
		{A3CDB463-FA4E-4F8B-92DB-AA111A10A6D9}.Debug|x64.Build.0 = Debug|x64
		{A3CDB463-FA4E-4F8B-92DB-AA111A10A6D9}.Debug|x86.ActiveCfg = Debug|Win32
		{A3CDB463-FA4E-4F8B-92DB-AA111A10A6D9}.Debug|x86.Build.0 = Debug|Win32
		{A3CDB463-FA4E-4F8B-92DB-AA111A10A6D9}.Release|x64.ActiveCfg = Release|x64
		{A3CDB463-FA4E-4F8B-92DB-AA111A10A6D9}.Release|x64.Build.0 = Release|x64
		{A3CDB463-FA4E-4F8B-92DB-AA111A10A6D9}.Release|x86.ActiveCfg = Release|Win32
		{A3CDB463-FA4E-4F8B-92DB-AA111A10A6D9}.Release|x86.Build.0 = Release|Win32
		{0E7B0EA2-8719-415F-96A2-9F78BEA0C48A}.Debug|x64.ActiveCfg = Debug|x64
		{0E7B0EA2-8719-415F-96A2-9F78BEA0C48A}.Debug|x64.Build.0 = Debug|x64
		{0E7B0EA2-8719-415F-96A2-9F78BEA0C48A}.Debug|x86.ActiveCfg = Debug|Win32
		{0E7B0EA2-8719-415F-96A2-9F78BEA0C48A}.Debug|x86.Build.0 = Debug|Win32
		{0E7B0EA2-8719-415F-96A2-9F78BEA0C48A}.Release|x64.ActiveCfg = Release|x64
		{0E7B0EA2-8719-415F-96A2-9F78BEA0C48A}.Release|x64.Build.0 = Release|x64
		{0E7B0EA2-8719-415F-96A2-9F78BEA0C48A}.Release|x86.ActiveCfg = Release|Win32
		{0E7B0EA2-8719-415F-96A2-9F78BEA0C48A}.Release|x86.Build.0 = Release|Win32
	EndGlobalSection
	GlobalSection(SolutionProperties) = preSolution
		HideSolutionNode = FALSE
	EndGlobalSection
	GlobalSection(ExtensibilityGlobals) = postSolution
		SolutionGuid = {41D52C82-02CC-45A6-A30B-5AB34BDD76CB}
	EndGlobalSection
EndGlobal
